dependencies:
- name: buslog
  repository: cm://h.cfcr.io/codefreshdemo/default
  version: 1.4.2
- name: ctrlr
  repository: cm://h.cfcr.io/codefreshdemo/default
  version: 1.3.3
- name: flask-ui
  repository: cm://h.cfcr.io/codefreshdemo/default
  version: 1.2.4
digest: sha256:ac95b3eb38f6967e1d849e5e322000fef069d5ac6f9c3caac09928c219f0a81f
generated: "2021-07-17T12:51:42.083068-04:00"
